// !$*UTF8*$!
{
	archiveVersion = 1;
	classes = {
	};
	objectVersion = 46;
	objects = {

/* Begin PBXBuildFile section */
		D34E2BBB18FD5BF500F25EF1 /* partieHeuristique.c in Sources */ = {isa = PBXBuildFile; fileRef = D34E2BBA18FD5BF500F25EF1 /* partieHeuristique.c */; };
		D3D97BFE191B90A000355D46 /* Jouer.c in Sources */ = {isa = PBXBuildFile; fileRef = D3D97BFD191B90A000355D46 /* Jouer.c */; };
		D3D97C02191BA6BC00355D46 /* persistance.c in Sources */ = {isa = PBXBuildFile; fileRef = D3D97C01191BA6BC00355D46 /* persistance.c */; };
		D3D9D67018F9F8E700C68278 /* main.c in Sources */ = {isa = PBXBuildFile; fileRef = D3D9D66F18F9F8E700C68278 /* main.c */; };
		D3D9D67918F9F8F600C68278 /* grille.c in Sources */ = {isa = PBXBuildFile; fileRef = D3D9D67818F9F8F600C68278 /* grille.c */; };
		D3D9D67D18F9F90700C68278 /* pion.c in Sources */ = {isa = PBXBuildFile; fileRef = D3D9D67C18F9F90700C68278 /* pion.c */; };
		D3D9D68018FA4C0B00C68278 /* test.c in Sources */ = {isa = PBXBuildFile; fileRef = D3D9D67E18FA4C0B00C68278 /* test.c */; };
		D3F1D3A118FD341B00A1E677 /* heuristique.c in Sources */ = {isa = PBXBuildFile; fileRef = D3F1D3A018FD341B00A1E677 /* heuristique.c */; };
/* End PBXBuildFile section */

/* Begin PBXCopyFilesBuildPhase section */
		D3D9D66A18F9F8E700C68278 /* CopyFiles */ = {
			isa = PBXCopyFilesBuildPhase;
			buildActionMask = 2147483647;
			dstPath = /usr/share/man/man1/;
			dstSubfolderSpec = 0;
			files = (
			);
			runOnlyForDeploymentPostprocessing = 1;
		};
/* End PBXCopyFilesBuildPhase section */

/* Begin PBXFileReference section */
		D34E2BBA18FD5BF500F25EF1 /* partieHeuristique.c */ = {isa = PBXFileReference; fileEncoding = 4; lastKnownFileType = sourcecode.c.c; path = partieHeuristique.c; sourceTree = "<group>"; };
		D34E2BBC18FD5C8900F25EF1 /* partieHeuristique.h */ = {isa = PBXFileReference; lastKnownFileType = sourcecode.c.h; path = partieHeuristique.h; sourceTree = "<group>"; };
		D3D97BFD191B90A000355D46 /* Jouer.c */ = {isa = PBXFileReference; fileEncoding = 4; lastKnownFileType = sourcecode.c.c; path = Jouer.c; sourceTree = "<group>"; };
		D3D97BFF191B90FC00355D46 /* Jouer.h */ = {isa = PBXFileReference; lastKnownFileType = sourcecode.c.h; path = Jouer.h; sourceTree = "<group>"; };
		D3D97C00191BA6B400355D46 /* persistance.h */ = {isa = PBXFileReference; lastKnownFileType = sourcecode.c.h; path = persistance.h; sourceTree = "<group>"; };
		D3D97C01191BA6BC00355D46 /* persistance.c */ = {isa = PBXFileReference; fileEncoding = 4; lastKnownFileType = sourcecode.c.c; path = persistance.c; sourceTree = "<group>"; };
		D3D9D66C18F9F8E700C68278 /* ProjetRC */ = {isa = PBXFileReference; explicitFileType = "compiled.mach-o.executable"; includeInIndex = 0; path = ProjetRC; sourceTree = BUILT_PRODUCTS_DIR; };
		D3D9D66F18F9F8E700C68278 /* main.c */ = {isa = PBXFileReference; lastKnownFileType = sourcecode.c.c; path = main.c; sourceTree = "<group>"; };
		D3D9D67818F9F8F600C68278 /* grille.c */ = {isa = PBXFileReference; fileEncoding = 4; lastKnownFileType = sourcecode.c.c; path = grille.c; sourceTree = "<group>"; };
		D3D9D67A18F9F8FB00C68278 /* grille.h */ = {isa = PBXFileReference; lastKnownFileType = sourcecode.c.h; path = grille.h; sourceTree = "<group>"; };
		D3D9D67B18F9F90000C68278 /* pion.h */ = {isa = PBXFileReference; lastKnownFileType = sourcecode.c.h; path = pion.h; sourceTree = "<group>"; };
		D3D9D67C18F9F90700C68278 /* pion.c */ = {isa = PBXFileReference; fileEncoding = 4; lastKnownFileType = sourcecode.c.c; path = pion.c; sourceTree = "<group>"; };
		D3D9D67E18FA4C0B00C68278 /* test.c */ = {isa = PBXFileReference; fileEncoding = 4; lastKnownFileType = sourcecode.c.c; path = test.c; sourceTree = "<group>"; };
		D3D9D67F18FA4C0B00C68278 /* test.h */ = {isa = PBXFileReference; fileEncoding = 4; lastKnownFileType = sourcecode.c.h; path = test.h; sourceTree = "<group>"; };
		D3F1D39F18FD341300A1E677 /* heuristique.h */ = {isa = PBXFileReference; lastKnownFileType = sourcecode.c.h; path = heuristique.h; sourceTree = "<group>"; };
		D3F1D3A018FD341B00A1E677 /* heuristique.c */ = {isa = PBXFileReference; fileEncoding = 4; lastKnownFileType = sourcecode.c.c; path = heuristique.c; sourceTree = "<group>"; };
/* End PBXFileReference section */

/* Begin PBXFrameworksBuildPhase section */
		D3D9D66918F9F8E700C68278 /* Frameworks */ = {
			isa = PBXFrameworksBuildPhase;
			buildActionMask = 2147483647;
			files = (
			);
			runOnlyForDeploymentPostprocessing = 0;
		};
/* End PBXFrameworksBuildPhase section */

/* Begin PBXGroup section */
		D3D9D66318F9F8E700C68278 = {
			isa = PBXGroup;
			children = (
				D3D9D66E18F9F8E700C68278 /* ProjetRC */,
				D3D9D66D18F9F8E700C68278 /* Products */,
			);
			sourceTree = "<group>";
		};
		D3D9D66D18F9F8E700C68278 /* Products */ = {
			isa = PBXGroup;
			children = (
				D3D9D66C18F9F8E700C68278 /* ProjetRC */,
			);
			name = Products;
			sourceTree = "<group>";
		};
		D3D9D66E18F9F8E700C68278 /* ProjetRC */ = {
			isa = PBXGroup;
			children = (
				D3D9D66F18F9F8E700C68278 /* main.c */,
				D34E2BBA18FD5BF500F25EF1 /* partieHeuristique.c */,
				D34E2BBC18FD5C8900F25EF1 /* partieHeuristique.h */,
				D3D9D67A18F9F8FB00C68278 /* grille.h */,
				D3D9D67818F9F8F600C68278 /* grille.c */,
				D3F1D39F18FD341300A1E677 /* heuristique.h */,
				D3F1D3A018FD341B00A1E677 /* heuristique.c */,
				D3D9D67B18F9F90000C68278 /* pion.h */,
				D3D9D67C18F9F90700C68278 /* pion.c */,
				D3D9D67E18FA4C0B00C68278 /* test.c */,
				D3D9D67F18FA4C0B00C68278 /* test.h */,
				D3D97BFD191B90A000355D46 /* Jouer.c */,
				D3D97BFF191B90FC00355D46 /* Jouer.h */,
				D3D97C00191BA6B400355D46 /* persistance.h */,
				D3D97C01191BA6BC00355D46 /* persistance.c */,
			);
			path = ProjetRC;
			sourceTree = "<group>";
		};
/* End PBXGroup section */

/* Begin PBXNativeTarget section */
		D3D9D66B18F9F8E700C68278 /* ProjetRC */ = {
			isa = PBXNativeTarget;
			buildConfigurationList = D3D9D67518F9F8E700C68278 /* Build configuration list for PBXNativeTarget "ProjetRC" */;
			buildPhases = (
				D3D9D66818F9F8E700C68278 /* Sources */,
				D3D9D66918F9F8E700C68278 /* Frameworks */,
				D3D9D66A18F9F8E700C68278 /* CopyFiles */,
			);
			buildRules = (
			);
			dependencies = (
			);
			name = ProjetRC;
			productName = ProjetRC;
			productReference = D3D9D66C18F9F8E700C68278 /* ProjetRC */;
			productType = "com.apple.product-type.tool";
		};
/* End PBXNativeTarget section */

/* Begin PBXProject section */
		D3D9D66418F9F8E700C68278 /* Project object */ = {
			isa = PBXProject;
			attributes = {
				LastUpgradeCheck = 0510;
				ORGANIZATIONNAME = "Etienne Toussaint";
			};
			buildConfigurationList = D3D9D66718F9F8E700C68278 /* Build configuration list for PBXProject "ProjetRC" */;
			compatibilityVersion = "Xcode 3.2";
			developmentRegion = English;
			hasScannedForEncodings = 0;
			knownRegions = (
				en,
			);
			mainGroup = D3D9D66318F9F8E700C68278;
			productRefGroup = D3D9D66D18F9F8E700C68278 /* Products */;
			projectDirPath = "";
			projectRoot = "";
			targets = (
				D3D9D66B18F9F8E700C68278 /* ProjetRC */,
			);
		};
/* End PBXProject section */

/* Begin PBXSourcesBuildPhase section */
		D3D9D66818F9F8E700C68278 /* Sources */ = {
			isa = PBXSourcesBuildPhase;
			buildActionMask = 2147483647;
			files = (
				D3D9D67D18F9F90700C68278 /* pion.c in Sources */,
				D34E2BBB18FD5BF500F25EF1 /* partieHeuristique.c in Sources */,
				D3D9D67918F9F8F600C68278 /* grille.c in Sources */,
				D3D9D67018F9F8E700C68278 /* main.c in Sources */,
				D3F1D3A118FD341B00A1E677 /* heuristique.c in Sources */,
				D3D9D68018FA4C0B00C68278 /* test.c in Sources */,
				D3D97BFE191B90A000355D46 /* Jouer.c in Sources */,
				D3D97C02191BA6BC00355D46 /* persistance.c in Sources */,
			);
			runOnlyForDeploymentPostprocessing = 0;
		};
/* End PBXSourcesBuildPhase section */

/* Begin XCBuildConfiguration section */
		D3D9D67318F9F8E700C68278 /* Debug */ = {
			isa = XCBuildConfiguration;
			buildSettings = {
				ALWAYS_SEARCH_USER_PATHS = NO;
				CLANG_CXX_LANGUAGE_STANDARD = "gnu++0x";
				CLANG_CXX_LIBRARY = "libc++";
				CLANG_ENABLE_MODULES = YES;
				CLANG_ENABLE_OBJC_ARC = YES;
				CLANG_WARN_BOOL_CONVERSION = YES;
				CLANG_WARN_CONSTANT_CONVERSION = YES;
				CLANG_WARN_DIRECT_OBJC_ISA_USAGE = YES_ERROR;
				CLANG_WARN_EMPTY_BODY = YES;
				CLANG_WARN_ENUM_CONVERSION = YES;
				CLANG_WARN_INT_CONVERSION = YES;
				CLANG_WARN_OBJC_ROOT_CLASS = YES_ERROR;
				CLANG_WARN__DUPLICATE_METHOD_MATCH = YES;
				COPY_PHASE_STRIP = NO;
				GCC_C_LANGUAGE_STANDARD = gnu99;
				GCC_DYNAMIC_NO_PIC = NO;
				GCC_ENABLE_OBJC_EXCEPTIONS = YES;
				GCC_OPTIMIZATION_LEVEL = 0;
				GCC_PREPROCESSOR_DEFINITIONS = (
					"DEBUG=1",
					"$(inherited)",
				);
				GCC_SYMBOLS_PRIVATE_EXTERN = NO;
				GCC_WARN_64_TO_32_BIT_CONVERSION = YES;
				GCC_WARN_ABOUT_RETURN_TYPE = YES_ERROR;
				GCC_WARN_UNDECLARED_SELECTOR = YES;
				GCC_WARN_UNINITIALIZED_AUTOS = YES_AGGRESSIVE;
				GCC_WARN_UNUSED_FUNCTION = YES;
				GCC_WARN_UNUSED_VARIABLE = YES;
				MACOSX_DEPLOYMENT_TARGET = 10.9;
				ONLY_ACTIVE_ARCH = YES;
				SDKROOT = macosx;
			};
			name = Debug;
		};
		D3D9D67418F9F8E700C68278 /* Release */ = {
			isa = XCBuildConfiguration;
			buildSettings = {
				ALWAYS_SEARCH_USER_PATHS = NO;
				CLANG_CXX_LANGUAGE_STANDARD = "gnu++0x";
				CLANG_CXX_LIBRARY = "libc++";
				CLANG_ENABLE_MODULES = YES;
				CLANG_ENABLE_OBJC_ARC = YES;
				CLANG_WARN_BOOL_CONVERSION = YES;
				CLANG_WARN_CONSTANT_CONVERSION = YES;
				CLANG_WARN_DIRECT_OBJC_ISA_USAGE = YES_ERROR;
				CLANG_WARN_EMPTY_BODY = YES;
				CLANG_WARN_ENUM_CONVERSION = YES;
				CLANG_WARN_INT_CONVERSION = YES;
				CLANG_WARN_OBJC_ROOT_CLASS = YES_ERROR;
				CLANG_WARN__DUPLICATE_METHOD_MATCH = YES;
				COPY_PHASE_STRIP = YES;
				DEBUG_INFORMATION_FORMAT = "dwarf-with-dsym";
				ENABLE_NS_ASSERTIONS = NO;
				GCC_C_LANGUAGE_STANDARD = gnu99;
				GCC_ENABLE_OBJC_EXCEPTIONS = YES;
				GCC_WARN_64_TO_32_BIT_CONVERSION = YES;
				GCC_WARN_ABOUT_RETURN_TYPE = YES_ERROR;
				GCC_WARN_UNDECLARED_SELECTOR = YES;
				GCC_WARN_UNINITIALIZED_AUTOS = YES_AGGRESSIVE;
				GCC_WARN_UNUSED_FUNCTION = YES;
				GCC_WARN_UNUSED_VARIABLE = YES;
				MACOSX_DEPLOYMENT_TARGET = 10.9;
				SDKROOT = macosx;
			};
			name = Release;
		};
		D3D9D67618F9F8E700C68278 /* Debug */ = {
			isa = XCBuildConfiguration;
			buildSettings = {
				PRODUCT_NAME = "$(TARGET_NAME)";
			};
			name = Debug;
		};
		D3D9D67718F9F8E700C68278 /* Release */ = {
			isa = XCBuildConfiguration;
			buildSettings = {
				PRODUCT_NAME = "$(TARGET_NAME)";
			};
			name = Release;
		};
/* End XCBuildConfiguration section */

/* Begin XCConfigurationList section */
		D3D9D66718F9F8E700C68278 /* Build configuration list for PBXProject "ProjetRC" */ = {
			isa = XCConfigurationList;
			buildConfigurations = (
				D3D9D67318F9F8E700C68278 /* Debug */,
				D3D9D67418F9F8E700C68278 /* Release */,
			);
			defaultConfigurationIsVisible = 0;
			defaultConfigurationName = Release;
		};
		D3D9D67518F9F8E700C68278 /* Build configuration list for PBXNativeTarget "ProjetRC" */ = {
			isa = XCConfigurationList;
			buildConfigurations = (
				D3D9D67618F9F8E700C68278 /* Debug */,
				D3D9D67718F9F8E700C68278 /* Release */,
			);
			defaultConfigurationIsVisible = 0;
			defaultConfigurationName = Release;
		};
/* End XCConfigurationList section */
	};
	rootObject = D3D9D66418F9F8E700C68278 /* Project object */;
}
